
Microsoft Visual Studio Solution File, Format Version 12.00
# Visual Studio Version 16
VisualStudioVersion = 16.0.31205.134
MinimumVisualStudioVersion = 10.0.40219.1
Project("{FAE04EC0-301F-11D3-BF4B-00C04F79EFBC}") = "L2-6", "L2-6\L2-6.csproj", "{AF034DB4-6329-4E8F-825C-22BED7036D94}"
EndProject
Global
	GlobalSection(SolutionConfigurationPlatforms) = preSolution
		Debug|Any CPU = Debug|Any CPU
		Release|Any CPU = Release|Any CPU
	EndGlobalSection
	GlobalSection(ProjectConfigurationPlatforms) = postSolution
		{AF034DB4-6329-4E8F-825C-22BED7036D94}.Debug|Any CPU.ActiveCfg = Debug|Any CPU
		{AF034DB4-6329-4E8F-825C-22BED7036D94}.Debug|Any CPU.Build.0 = Debug|Any CPU
		{AF034DB4-6329-4E8F-825C-22BED7036D94}.Release|Any CPU.ActiveCfg = Release|Any CPU
		{AF034DB4-6329-4E8F-825C-22BED7036D94}.Release|Any CPU.Build.0 = Release|Any CPU
	EndGlobalSection
	GlobalSection(SolutionProperties) = preSolution
		HideSolutionNode = FALSE
	EndGlobalSection
	GlobalSection(ExtensibilityGlobals) = postSolution
		SolutionGuid = {75AC6E03-F663-40BB-AC9D-F1C818F3EB50}
	EndGlobalSection
EndGlobal
