
Microsoft Visual Studio Solution File, Format Version 12.00
# Visual Studio Version 16
VisualStudioVersion = 16.0.31205.134
MinimumVisualStudioVersion = 10.0.40219.1
Project("{FAE04EC0-301F-11D3-BF4B-00C04F79EFBC}") = "L2-3", "L2-3\L2-3.csproj", "{69F66B8F-FA96-414C-95A9-98091F4E3EDA}"
EndProject
Global
	GlobalSection(SolutionConfigurationPlatforms) = preSolution
		Debug|Any CPU = Debug|Any CPU
		Release|Any CPU = Release|Any CPU
	EndGlobalSection
	GlobalSection(ProjectConfigurationPlatforms) = postSolution
		{69F66B8F-FA96-414C-95A9-98091F4E3EDA}.Debug|Any CPU.ActiveCfg = Debug|Any CPU
		{69F66B8F-FA96-414C-95A9-98091F4E3EDA}.Debug|Any CPU.Build.0 = Debug|Any CPU
		{69F66B8F-FA96-414C-95A9-98091F4E3EDA}.Release|Any CPU.ActiveCfg = Release|Any CPU
		{69F66B8F-FA96-414C-95A9-98091F4E3EDA}.Release|Any CPU.Build.0 = Release|Any CPU
	EndGlobalSection
	GlobalSection(SolutionProperties) = preSolution
		HideSolutionNode = FALSE
	EndGlobalSection
	GlobalSection(ExtensibilityGlobals) = postSolution
		SolutionGuid = {5FBBBEF0-4606-4EBC-A6C8-B1156218D1A8}
	EndGlobalSection
EndGlobal
