
Microsoft Visual Studio Solution File, Format Version 12.00
# Visual Studio Version 16
VisualStudioVersion = 16.0.31205.134
MinimumVisualStudioVersion = 10.0.40219.1
Project("{FAE04EC0-301F-11D3-BF4B-00C04F79EFBC}") = "L5-1", "L5-1\L5-1.csproj", "{BD17A2D2-08FC-401E-85F7-4AD4BD407C05}"
EndProject
Global
	GlobalSection(SolutionConfigurationPlatforms) = preSolution
		Debug|Any CPU = Debug|Any CPU
		Release|Any CPU = Release|Any CPU
	EndGlobalSection
	GlobalSection(ProjectConfigurationPlatforms) = postSolution
		{BD17A2D2-08FC-401E-85F7-4AD4BD407C05}.Debug|Any CPU.ActiveCfg = Debug|Any CPU
		{BD17A2D2-08FC-401E-85F7-4AD4BD407C05}.Debug|Any CPU.Build.0 = Debug|Any CPU
		{BD17A2D2-08FC-401E-85F7-4AD4BD407C05}.Release|Any CPU.ActiveCfg = Release|Any CPU
		{BD17A2D2-08FC-401E-85F7-4AD4BD407C05}.Release|Any CPU.Build.0 = Release|Any CPU
	EndGlobalSection
	GlobalSection(SolutionProperties) = preSolution
		HideSolutionNode = FALSE
	EndGlobalSection
	GlobalSection(ExtensibilityGlobals) = postSolution
		SolutionGuid = {F56D2AD5-754E-4C5C-82DA-F62D6C2D2497}
	EndGlobalSection
EndGlobal
