
Microsoft Visual Studio Solution File, Format Version 12.00
# Visual Studio Version 16
VisualStudioVersion = 16.0.31205.134
MinimumVisualStudioVersion = 10.0.40219.1
Project("{FAE04EC0-301F-11D3-BF4B-00C04F79EFBC}") = "L2-7", "L2-7\L2-7.csproj", "{49313F2A-1224-4E3A-9943-9495B29FC99D}"
EndProject
Global
	GlobalSection(SolutionConfigurationPlatforms) = preSolution
		Debug|Any CPU = Debug|Any CPU
		Release|Any CPU = Release|Any CPU
	EndGlobalSection
	GlobalSection(ProjectConfigurationPlatforms) = postSolution
		{49313F2A-1224-4E3A-9943-9495B29FC99D}.Debug|Any CPU.ActiveCfg = Debug|Any CPU
		{49313F2A-1224-4E3A-9943-9495B29FC99D}.Debug|Any CPU.Build.0 = Debug|Any CPU
		{49313F2A-1224-4E3A-9943-9495B29FC99D}.Release|Any CPU.ActiveCfg = Release|Any CPU
		{49313F2A-1224-4E3A-9943-9495B29FC99D}.Release|Any CPU.Build.0 = Release|Any CPU
	EndGlobalSection
	GlobalSection(SolutionProperties) = preSolution
		HideSolutionNode = FALSE
	EndGlobalSection
	GlobalSection(ExtensibilityGlobals) = postSolution
		SolutionGuid = {2AF26BE3-85E2-4F1D-AC39-6961E6F0F5F3}
	EndGlobalSection
EndGlobal
