
Microsoft Visual Studio Solution File, Format Version 12.00
# Visual Studio Version 16
VisualStudioVersion = 16.0.31205.134
MinimumVisualStudioVersion = 10.0.40219.1
Project("{FAE04EC0-301F-11D3-BF4B-00C04F79EFBC}") = "L4-3", "L4-3\L4-3.csproj", "{9EB5B963-C242-4A2B-8813-75A33752D97C}"
EndProject
Global
	GlobalSection(SolutionConfigurationPlatforms) = preSolution
		Debug|Any CPU = Debug|Any CPU
		Release|Any CPU = Release|Any CPU
	EndGlobalSection
	GlobalSection(ProjectConfigurationPlatforms) = postSolution
		{9EB5B963-C242-4A2B-8813-75A33752D97C}.Debug|Any CPU.ActiveCfg = Debug|Any CPU
		{9EB5B963-C242-4A2B-8813-75A33752D97C}.Debug|Any CPU.Build.0 = Debug|Any CPU
		{9EB5B963-C242-4A2B-8813-75A33752D97C}.Release|Any CPU.ActiveCfg = Release|Any CPU
		{9EB5B963-C242-4A2B-8813-75A33752D97C}.Release|Any CPU.Build.0 = Release|Any CPU
	EndGlobalSection
	GlobalSection(SolutionProperties) = preSolution
		HideSolutionNode = FALSE
	EndGlobalSection
	GlobalSection(ExtensibilityGlobals) = postSolution
		SolutionGuid = {53AF196F-3F4B-465A-838E-2C2D39BA9F91}
	EndGlobalSection
EndGlobal
