
Microsoft Visual Studio Solution File, Format Version 12.00
# Visual Studio Version 16
VisualStudioVersion = 16.0.31205.134
MinimumVisualStudioVersion = 10.0.40219.1
Project("{FAE04EC0-301F-11D3-BF4B-00C04F79EFBC}") = "L5-5", "L5-5\L5-5.csproj", "{703511E5-912D-46D7-BA63-4100D6A75CAC}"
EndProject
Global
	GlobalSection(SolutionConfigurationPlatforms) = preSolution
		Debug|Any CPU = Debug|Any CPU
		Release|Any CPU = Release|Any CPU
	EndGlobalSection
	GlobalSection(ProjectConfigurationPlatforms) = postSolution
		{703511E5-912D-46D7-BA63-4100D6A75CAC}.Debug|Any CPU.ActiveCfg = Debug|Any CPU
		{703511E5-912D-46D7-BA63-4100D6A75CAC}.Debug|Any CPU.Build.0 = Debug|Any CPU
		{703511E5-912D-46D7-BA63-4100D6A75CAC}.Release|Any CPU.ActiveCfg = Release|Any CPU
		{703511E5-912D-46D7-BA63-4100D6A75CAC}.Release|Any CPU.Build.0 = Release|Any CPU
	EndGlobalSection
	GlobalSection(SolutionProperties) = preSolution
		HideSolutionNode = FALSE
	EndGlobalSection
	GlobalSection(ExtensibilityGlobals) = postSolution
		SolutionGuid = {17C858B5-0D66-4332-93F2-1432709F7BA4}
	EndGlobalSection
EndGlobal
